
Microsoft Visual Studio Solution File, Format Version 12.00
Project("{FAE04EC0-301F-11D3-BF4B-00C04F79EFBC}") = "my_sql", "my_sql\my_sql.csproj", "{6F86DCDB-299A-4F1F-AC01-6CBD114893D0}"
EndProject
Global
	GlobalSection(SolutionConfigurationPlatforms) = preSolution
		Debug|Any CPU = Debug|Any CPU
		Release|Any CPU = Release|Any CPU
	EndGlobalSection
	GlobalSection(ProjectConfigurationPlatforms) = postSolution
		{6F86DCDB-299A-4F1F-AC01-6CBD114893D0}.Debug|Any CPU.ActiveCfg = Debug|Any CPU
		{6F86DCDB-299A-4F1F-AC01-6CBD114893D0}.Debug|Any CPU.Build.0 = Debug|Any CPU
		{6F86DCDB-299A-4F1F-AC01-6CBD114893D0}.Release|Any CPU.ActiveCfg = Release|Any CPU
		{6F86DCDB-299A-4F1F-AC01-6CBD114893D0}.Release|Any CPU.Build.0 = Release|Any CPU
	EndGlobalSection
EndGlobal
